
Microsoft Visual Studio Solution File, Format Version 12.00
# Visual Studio Version 16
VisualStudioVersion = 16.0.31911.196
MinimumVisualStudioVersion = 10.0.40219.1
Project("{FAE04EC0-301F-11D3-BF4B-00C04F79EFBC}") = "LeftOuterJoin", "LeftOuterJoin.csproj", "{2020D485-94D5-4962-A777-81065CF60B12}"
EndProject
Global
	GlobalSection(SolutionConfigurationPlatforms) = preSolution
		Debug|Any CPU = Debug|Any CPU
		Release|Any CPU = Release|Any CPU
	EndGlobalSection
	GlobalSection(ProjectConfigurationPlatforms) = postSolution
		{2020D485-94D5-4962-A777-81065CF60B12}.Debug|Any CPU.ActiveCfg = Debug|Any CPU
		{2020D485-94D5-4962-A777-81065CF60B12}.Debug|Any CPU.Build.0 = Debug|Any CPU
		{2020D485-94D5-4962-A777-81065CF60B12}.Release|Any CPU.ActiveCfg = Release|Any CPU
		{2020D485-94D5-4962-A777-81065CF60B12}.Release|Any CPU.Build.0 = Release|Any CPU
	EndGlobalSection
	GlobalSection(SolutionProperties) = preSolution
		HideSolutionNode = FALSE
	EndGlobalSection
	GlobalSection(ExtensibilityGlobals) = postSolution
		SolutionGuid = {627FC78C-5F98-48BA-A701-2BB41F3C4C5F}
	EndGlobalSection
EndGlobal
