
Microsoft Visual Studio Solution File, Format Version 12.00
# Visual Studio Version 16
VisualStudioVersion = 16.0.31911.196
MinimumVisualStudioVersion = 10.0.40219.1
Project("{FAE04EC0-301F-11D3-BF4B-00C04F79EFBC}") = "ProjectionOperatorSELECT", "ProjectionOperatorSELECT.csproj", "{B46D2748-D590-4778-941D-2935040E09BC}"
EndProject
Global
	GlobalSection(SolutionConfigurationPlatforms) = preSolution
		Debug|Any CPU = Debug|Any CPU
		Release|Any CPU = Release|Any CPU
	EndGlobalSection
	GlobalSection(ProjectConfigurationPlatforms) = postSolution
		{B46D2748-D590-4778-941D-2935040E09BC}.Debug|Any CPU.ActiveCfg = Debug|Any CPU
		{B46D2748-D590-4778-941D-2935040E09BC}.Debug|Any CPU.Build.0 = Debug|Any CPU
		{B46D2748-D590-4778-941D-2935040E09BC}.Release|Any CPU.ActiveCfg = Release|Any CPU
		{B46D2748-D590-4778-941D-2935040E09BC}.Release|Any CPU.Build.0 = Release|Any CPU
	EndGlobalSection
	GlobalSection(SolutionProperties) = preSolution
		HideSolutionNode = FALSE
	EndGlobalSection
	GlobalSection(ExtensibilityGlobals) = postSolution
		SolutionGuid = {50094FFB-E0C8-4340-AEB1-76A46BCC9780}
	EndGlobalSection
EndGlobal
