
Microsoft Visual Studio Solution File, Format Version 12.00
# Visual Studio Version 16
VisualStudioVersion = 16.0.31911.196
MinimumVisualStudioVersion = 10.0.40219.1
Project("{FAE04EC0-301F-11D3-BF4B-00C04F79EFBC}") = "GroupJoin", "GroupJoin.csproj", "{0EFABA38-8D97-43A9-9F32-FA24D95E08C0}"
EndProject
Global
	GlobalSection(SolutionConfigurationPlatforms) = preSolution
		Debug|Any CPU = Debug|Any CPU
		Release|Any CPU = Release|Any CPU
	EndGlobalSection
	GlobalSection(ProjectConfigurationPlatforms) = postSolution
		{0EFABA38-8D97-43A9-9F32-FA24D95E08C0}.Debug|Any CPU.ActiveCfg = Debug|Any CPU
		{0EFABA38-8D97-43A9-9F32-FA24D95E08C0}.Debug|Any CPU.Build.0 = Debug|Any CPU
		{0EFABA38-8D97-43A9-9F32-FA24D95E08C0}.Release|Any CPU.ActiveCfg = Release|Any CPU
		{0EFABA38-8D97-43A9-9F32-FA24D95E08C0}.Release|Any CPU.Build.0 = Release|Any CPU
	EndGlobalSection
	GlobalSection(SolutionProperties) = preSolution
		HideSolutionNode = FALSE
	EndGlobalSection
	GlobalSection(ExtensibilityGlobals) = postSolution
		SolutionGuid = {708DDAE9-2612-47FE-A491-4627EE47EF37}
	EndGlobalSection
EndGlobal
