
Microsoft Visual Studio Solution File, Format Version 12.00
# Visual Studio Version 16
VisualStudioVersion = 16.0.31911.196
MinimumVisualStudioVersion = 10.0.40219.1
Project("{FAE04EC0-301F-11D3-BF4B-00C04F79EFBC}") = "ImplementPaging", "ImplementPaging.csproj", "{693F9D3F-4A9E-4BF3-A6D3-DAC5CB4DA348}"
EndProject
Global
	GlobalSection(SolutionConfigurationPlatforms) = preSolution
		Debug|Any CPU = Debug|Any CPU
		Release|Any CPU = Release|Any CPU
	EndGlobalSection
	GlobalSection(ProjectConfigurationPlatforms) = postSolution
		{693F9D3F-4A9E-4BF3-A6D3-DAC5CB4DA348}.Debug|Any CPU.ActiveCfg = Debug|Any CPU
		{693F9D3F-4A9E-4BF3-A6D3-DAC5CB4DA348}.Debug|Any CPU.Build.0 = Debug|Any CPU
		{693F9D3F-4A9E-4BF3-A6D3-DAC5CB4DA348}.Release|Any CPU.ActiveCfg = Release|Any CPU
		{693F9D3F-4A9E-4BF3-A6D3-DAC5CB4DA348}.Release|Any CPU.Build.0 = Release|Any CPU
	EndGlobalSection
	GlobalSection(SolutionProperties) = preSolution
		HideSolutionNode = FALSE
	EndGlobalSection
	GlobalSection(ExtensibilityGlobals) = postSolution
		SolutionGuid = {E71B048A-30D9-40B3-A39F-FB658915D7EE}
	EndGlobalSection
EndGlobal
